
Microsoft Visual Studio Solution File, Format Version 12.00
# Visual Studio Version 17
VisualStudioVersion = 17.10.35013.160
MinimumVisualStudioVersion = 10.0.40219.1
Project("{FAE04EC0-301F-11D3-BF4B-00C04F79EFBC}") = "busiStudyGroup", "busiStudyGroup\busiStudyGroup.csproj", "{2E9B3923-7E48-453B-BD18-5C49A1BFC6DC}"
EndProject
Global
	GlobalSection(SolutionConfigurationPlatforms) = preSolution
		Debug|Any CPU = Debug|Any CPU
		Release|Any CPU = Release|Any CPU
	EndGlobalSection
	GlobalSection(ProjectConfigurationPlatforms) = postSolution
		{2E9B3923-7E48-453B-BD18-5C49A1BFC6DC}.Debug|Any CPU.ActiveCfg = Debug|Any CPU
		{2E9B3923-7E48-453B-BD18-5C49A1BFC6DC}.Debug|Any CPU.Build.0 = Debug|Any CPU
		{2E9B3923-7E48-453B-BD18-5C49A1BFC6DC}.Release|Any CPU.ActiveCfg = Release|Any CPU
		{2E9B3923-7E48-453B-BD18-5C49A1BFC6DC}.Release|Any CPU.Build.0 = Release|Any CPU
	EndGlobalSection
	GlobalSection(SolutionProperties) = preSolution
		HideSolutionNode = FALSE
	EndGlobalSection
	GlobalSection(ExtensibilityGlobals) = postSolution
		SolutionGuid = {6F91767A-324D-474E-B375-F9E43BDF5D2A}
	EndGlobalSection
EndGlobal
